
Microsoft Visual Studio Solution File, Format Version 12.00
Project("{FAE04EC0-301F-11D3-BF4B-00C04F79EFBC}") = "BurpLang", "BurpLang\BurpLang.csproj", "{5C930799-DC52-40BA-A87D-7EA163011548}"
EndProject
Project("{FAE04EC0-301F-11D3-BF4B-00C04F79EFBC}") = "BurpLang.Tests", "BurpLang.Tests\BurpLang.Tests.csproj", "{663BC486-EB19-4EF3-A6B2-2C9D4941293A}"
EndProject
Global
	GlobalSection(SolutionConfigurationPlatforms) = preSolution
		Debug|Any CPU = Debug|Any CPU
		Release|Any CPU = Release|Any CPU
	EndGlobalSection
	GlobalSection(ProjectConfigurationPlatforms) = postSolution
		{5C930799-DC52-40BA-A87D-7EA163011548}.Debug|Any CPU.ActiveCfg = Debug|Any CPU
		{5C930799-DC52-40BA-A87D-7EA163011548}.Debug|Any CPU.Build.0 = Debug|Any CPU
		{5C930799-DC52-40BA-A87D-7EA163011548}.Release|Any CPU.ActiveCfg = Release|Any CPU
		{5C930799-DC52-40BA-A87D-7EA163011548}.Release|Any CPU.Build.0 = Release|Any CPU
		{663BC486-EB19-4EF3-A6B2-2C9D4941293A}.Debug|Any CPU.ActiveCfg = Debug|Any CPU
		{663BC486-EB19-4EF3-A6B2-2C9D4941293A}.Debug|Any CPU.Build.0 = Debug|Any CPU
		{663BC486-EB19-4EF3-A6B2-2C9D4941293A}.Release|Any CPU.ActiveCfg = Release|Any CPU
		{663BC486-EB19-4EF3-A6B2-2C9D4941293A}.Release|Any CPU.Build.0 = Release|Any CPU
	EndGlobalSection
EndGlobal
